{
  "requires": true,
  "lockfileVersion": 1,
  "dependencies": {
    "mobx": {
      "version": "5.14.0",
      "resolved": "https://registry.npm.taobao.org/mobx/download/mobx-5.14.0.tgz",
      "integrity": "sha1-NXwQI6yihR3zV/oMuabqqrOld5M="
    },
    "mobx-react": {
      "version": "6.1.3",
      "resolved": "https://registry.npm.taobao.org/mobx-react/download/mobx-react-6.1.3.tgz",
      "integrity": "sha1-rQeIDqYM3NsqfioNVOATeXEM8Ao=",
      "requires": {
        "mobx-react-lite": "1.4.0"
      }
    },
    "mobx-react-lite": {
      "version": "1.4.0",
      "resolved": "https://registry.npm.taobao.org/mobx-react-lite/download/mobx-react-lite-1.4.0.tgz",
      "integrity": "sha1-GTvrX93fF65hVC9l/5UdhNtAI1E="
    }
  }
}
